// !$*UTF8*$!
{
	archiveVersion = 1;
	classes = {
	};
	objectVersion = 46;
	objects = {

/* Begin PBXBuildFile section */
		D0225C911CB6E400004F1289 /* AppDelegate.swift in Sources */ = {isa = PBXBuildFile; fileRef = D0225C901CB6E400004F1289 /* AppDelegate.swift */; };
		D0225C931CB6E400004F1289 /* ViewController.swift in Sources */ = {isa = PBXBuildFile; fileRef = D0225C921CB6E400004F1289 /* ViewController.swift */; };
		D0225C961CB6E400004F1289 /* Main.storyboard in Resources */ = {isa = PBXBuildFile; fileRef = D0225C941CB6E400004F1289 /* Main.storyboard */; };
		D0225C981CB6E400004F1289 /* Assets.xcassets in Resources */ = {isa = PBXBuildFile; fileRef = D0225C971CB6E400004F1289 /* Assets.xcassets */; };
		D0225C9B1CB6E400004F1289 /* LaunchScreen.storyboard in Resources */ = {isa = PBXBuildFile; fileRef = D0225C991CB6E400004F1289 /* LaunchScreen.storyboard */; };
		D0225CA61CB6E43C004F1289 /* BarcodeScannerView.swift in Sources */ = {isa = PBXBuildFile; fileRef = D0225CA21CB6E43C004F1289 /* BarcodeScannerView.swift */; };
		D0225CA71CB6E43C004F1289 /* BarcodeScannerDelegate.swift in Sources */ = {isa = PBXBuildFile; fileRef = D0225CA31CB6E43C004F1289 /* BarcodeScannerDelegate.swift */; };
		D0225CA81CB6E43C004F1289 /* BarcodeScanner.swift in Sources */ = {isa = PBXBuildFile; fileRef = D0225CA41CB6E43C004F1289 /* BarcodeScanner.swift */; };
		D0225CA91CB6E43C004F1289 /* Barcode.swift in Sources */ = {isa = PBXBuildFile; fileRef = D0225CA51CB6E43C004F1289 /* Barcode.swift */; };
		D0225CAE1CB6FBBD004F1289 /* Dispatch.swift in Sources */ = {isa = PBXBuildFile; fileRef = D0225CAD1CB6FBBD004F1289 /* Dispatch.swift */; };
/* End PBXBuildFile section */

/* Begin PBXFileReference section */
		D0225C8D1CB6E400004F1289 /* BarcodeScanner.app */ = {isa = PBXFileReference; explicitFileType = wrapper.application; includeInIndex = 0; path = BarcodeScanner.app; sourceTree = BUILT_PRODUCTS_DIR; };
		D0225C901CB6E400004F1289 /* AppDelegate.swift */ = {isa = PBXFileReference; lastKnownFileType = sourcecode.swift; path = AppDelegate.swift; sourceTree = "<group>"; };
		D0225C921CB6E400004F1289 /* ViewController.swift */ = {isa = PBXFileReference; lastKnownFileType = sourcecode.swift; path = ViewController.swift; sourceTree = "<group>"; };
		D0225C951CB6E400004F1289 /* Base */ = {isa = PBXFileReference; lastKnownFileType = file.storyboard; name = Base; path = Base.lproj/Main.storyboard; sourceTree = "<group>"; };
		D0225C971CB6E400004F1289 /* Assets.xcassets */ = {isa = PBXFileReference; lastKnownFileType = folder.assetcatalog; path = Assets.xcassets; sourceTree = "<group>"; };
		D0225C9A1CB6E400004F1289 /* Base */ = {isa = PBXFileReference; lastKnownFileType = file.storyboard; name = Base; path = Base.lproj/LaunchScreen.storyboard; sourceTree = "<group>"; };
		D0225C9C1CB6E400004F1289 /* Info.plist */ = {isa = PBXFileReference; lastKnownFileType = text.plist.xml; path = Info.plist; sourceTree = "<group>"; };
		D0225CA21CB6E43C004F1289 /* BarcodeScannerView.swift */ = {isa = PBXFileReference; fileEncoding = 4; lastKnownFileType = sourcecode.swift; path = BarcodeScannerView.swift; sourceTree = "<group>"; };
		D0225CA31CB6E43C004F1289 /* BarcodeScannerDelegate.swift */ = {isa = PBXFileReference; fileEncoding = 4; lastKnownFileType = sourcecode.swift; path = BarcodeScannerDelegate.swift; sourceTree = "<group>"; };
		D0225CA41CB6E43C004F1289 /* BarcodeScanner.swift */ = {isa = PBXFileReference; fileEncoding = 4; lastKnownFileType = sourcecode.swift; path = BarcodeScanner.swift; sourceTree = "<group>"; };
		D0225CA51CB6E43C004F1289 /* Barcode.swift */ = {isa = PBXFileReference; fileEncoding = 4; lastKnownFileType = sourcecode.swift; path = Barcode.swift; sourceTree = "<group>"; };
		D0225CAD1CB6FBBD004F1289 /* Dispatch.swift */ = {isa = PBXFileReference; fileEncoding = 4; lastKnownFileType = sourcecode.swift; path = Dispatch.swift; sourceTree = "<group>"; };
/* End PBXFileReference section */

/* Begin PBXFrameworksBuildPhase section */
		D0225C8A1CB6E400004F1289 /* Frameworks */ = {
			isa = PBXFrameworksBuildPhase;
			buildActionMask = 2147483647;
			files = (
			);
			runOnlyForDeploymentPostprocessing = 0;
		};
/* End PBXFrameworksBuildPhase section */

/* Begin PBXGroup section */
		D0225C841CB6E400004F1289 = {
			isa = PBXGroup;
			children = (
				D0225C8F1CB6E400004F1289 /* BarcodeScanner */,
				D0225C8E1CB6E400004F1289 /* Products */,
			);
			sourceTree = "<group>";
		};
		D0225C8E1CB6E400004F1289 /* Products */ = {
			isa = PBXGroup;
			children = (
				D0225C8D1CB6E400004F1289 /* BarcodeScanner.app */,
			);
			name = Products;
			sourceTree = "<group>";
		};
		D0225C8F1CB6E400004F1289 /* BarcodeScanner */ = {
			isa = PBXGroup;
			children = (
				D0225CA21CB6E43C004F1289 /* BarcodeScannerView.swift */,
				D0225CA31CB6E43C004F1289 /* BarcodeScannerDelegate.swift */,
				D0225CA41CB6E43C004F1289 /* BarcodeScanner.swift */,
				D0225CA51CB6E43C004F1289 /* Barcode.swift */,
				D0225C901CB6E400004F1289 /* AppDelegate.swift */,
				D0225C921CB6E400004F1289 /* ViewController.swift */,
				D0225C941CB6E400004F1289 /* Main.storyboard */,
				D0225C971CB6E400004F1289 /* Assets.xcassets */,
				D0225C991CB6E400004F1289 /* LaunchScreen.storyboard */,
				D0225C9C1CB6E400004F1289 /* Info.plist */,
				D0225CAD1CB6FBBD004F1289 /* Dispatch.swift */,
			);
			path = BarcodeScanner;
			sourceTree = "<group>";
		};
/* End PBXGroup section */

/* Begin PBXNativeTarget section */
		D0225C8C1CB6E400004F1289 /* BarcodeScanner */ = {
			isa = PBXNativeTarget;
			buildConfigurationList = D0225C9F1CB6E400004F1289 /* Build configuration list for PBXNativeTarget "BarcodeScanner" */;
			buildPhases = (
				D0225C891CB6E400004F1289 /* Sources */,
				D0225C8A1CB6E400004F1289 /* Frameworks */,
				D0225C8B1CB6E400004F1289 /* Resources */,
			);
			buildRules = (
			);
			dependencies = (
			);
			name = BarcodeScanner;
			productName = BarcodeScanner;
			productReference = D0225C8D1CB6E400004F1289 /* BarcodeScanner.app */;
			productType = "com.apple.product-type.application";
		};
/* End PBXNativeTarget section */

/* Begin PBXProject section */
		D0225C851CB6E400004F1289 /* Project object */ = {
			isa = PBXProject;
			attributes = {
				LastSwiftUpdateCheck = 0730;
				LastUpgradeCheck = 0730;
				ORGANIZATIONNAME = PeeVeeOne;
				TargetAttributes = {
					D0225C8C1CB6E400004F1289 = {
						CreatedOnToolsVersion = 7.3;
						DevelopmentTeam = 9G2C4ANC64;
					};
				};
			};
			buildConfigurationList = D0225C881CB6E400004F1289 /* Build configuration list for PBXProject "BarcodeScanner" */;
			compatibilityVersion = "Xcode 3.2";
			developmentRegion = English;
			hasScannedForEncodings = 0;
			knownRegions = (
				en,
				Base,
			);
			mainGroup = D0225C841CB6E400004F1289;
			productRefGroup = D0225C8E1CB6E400004F1289 /* Products */;
			projectDirPath = "";
			projectRoot = "";
			targets = (
				D0225C8C1CB6E400004F1289 /* BarcodeScanner */,
			);
		};
/* End PBXProject section */

/* Begin PBXResourcesBuildPhase section */
		D0225C8B1CB6E400004F1289 /* Resources */ = {
			isa = PBXResourcesBuildPhase;
			buildActionMask = 2147483647;
			files = (
				D0225C9B1CB6E400004F1289 /* LaunchScreen.storyboard in Resources */,
				D0225C981CB6E400004F1289 /* Assets.xcassets in Resources */,
				D0225C961CB6E400004F1289 /* Main.storyboard in Resources */,
			);
			runOnlyForDeploymentPostprocessing = 0;
		};
/* End PBXResourcesBuildPhase section */

/* Begin PBXSourcesBuildPhase section */
		D0225C891CB6E400004F1289 /* Sources */ = {
			isa = PBXSourcesBuildPhase;
			buildActionMask = 2147483647;
			files = (
				D0225CA71CB6E43C004F1289 /* BarcodeScannerDelegate.swift in Sources */,
				D0225CA61CB6E43C004F1289 /* BarcodeScannerView.swift in Sources */,
				D0225CA91CB6E43C004F1289 /* Barcode.swift in Sources */,
				D0225C931CB6E400004F1289 /* ViewController.swift in Sources */,
				D0225C911CB6E400004F1289 /* AppDelegate.swift in Sources */,
				D0225CA81CB6E43C004F1289 /* BarcodeScanner.swift in Sources */,
				D0225CAE1CB6FBBD004F1289 /* Dispatch.swift in Sources */,
			);
			runOnlyForDeploymentPostprocessing = 0;
		};
/* End PBXSourcesBuildPhase section */

/* Begin PBXVariantGroup section */
		D0225C941CB6E400004F1289 /* Main.storyboard */ = {
			isa = PBXVariantGroup;
			children = (
				D0225C951CB6E400004F1289 /* Base */,
			);
			name = Main.storyboard;
			sourceTree = "<group>";
		};
		D0225C991CB6E400004F1289 /* LaunchScreen.storyboard */ = {
			isa = PBXVariantGroup;
			children = (
				D0225C9A1CB6E400004F1289 /* Base */,
			);
			name = LaunchScreen.storyboard;
			sourceTree = "<group>";
		};
/* End PBXVariantGroup section */

/* Begin XCBuildConfiguration section */
		D0225C9D1CB6E400004F1289 /* Debug */ = {
			isa = XCBuildConfiguration;
			buildSettings = {
				ALWAYS_SEARCH_USER_PATHS = NO;
				CLANG_ANALYZER_NONNULL = YES;
				CLANG_CXX_LANGUAGE_STANDARD = "gnu++0x";
				CLANG_CXX_LIBRARY = "libc++";
				CLANG_ENABLE_MODULES = YES;
				CLANG_ENABLE_OBJC_ARC = YES;
				CLANG_WARN_BOOL_CONVERSION = YES;
				CLANG_WARN_CONSTANT_CONVERSION = YES;
				CLANG_WARN_DIRECT_OBJC_ISA_USAGE = YES_ERROR;
				CLANG_WARN_EMPTY_BODY = YES;
				CLANG_WARN_ENUM_CONVERSION = YES;
				CLANG_WARN_INT_CONVERSION = YES;
				CLANG_WARN_OBJC_ROOT_CLASS = YES_ERROR;
				CLANG_WARN_UNREACHABLE_CODE = YES;
				CLANG_WARN__DUPLICATE_METHOD_MATCH = YES;
				"CODE_SIGN_IDENTITY[sdk=iphoneos*]" = "iPhone Developer";
				COPY_PHASE_STRIP = NO;
				DEBUG_INFORMATION_FORMAT = dwarf;
				ENABLE_STRICT_OBJC_MSGSEND = YES;
				ENABLE_TESTABILITY = YES;
				GCC_C_LANGUAGE_STANDARD = gnu99;
				GCC_DYNAMIC_NO_PIC = NO;
				GCC_NO_COMMON_BLOCKS = YES;
				GCC_OPTIMIZATION_LEVEL = 0;
				GCC_PREPROCESSOR_DEFINITIONS = (
					"DEBUG=1",
					"$(inherited)",
				);
				GCC_WARN_64_TO_32_BIT_CONVERSION = YES;
				GCC_WARN_ABOUT_RETURN_TYPE = YES_ERROR;
				GCC_WARN_UNDECLARED_SELECTOR = YES;
				GCC_WARN_UNINITIALIZED_AUTOS = YES_AGGRESSIVE;
				GCC_WARN_UNUSED_FUNCTION = YES;
				GCC_WARN_UNUSED_VARIABLE = YES;
				IPHONEOS_DEPLOYMENT_TARGET = 9.3;
				MTL_ENABLE_DEBUG_INFO = YES;
				ONLY_ACTIVE_ARCH = YES;
				SDKROOT = iphoneos;
				SWIFT_OPTIMIZATION_LEVEL = "-Onone";
				TARGETED_DEVICE_FAMILY = "1,2";
			};
			name = Debug;
		};
		D0225C9E1CB6E400004F1289 /* Release */ = {
			isa = XCBuildConfiguration;
			buildSettings = {
				ALWAYS_SEARCH_USER_PATHS = NO;
				CLANG_ANALYZER_NONNULL = YES;
				CLANG_CXX_LANGUAGE_STANDARD = "gnu++0x";
				CLANG_CXX_LIBRARY = "libc++";
				CLANG_ENABLE_MODULES = YES;
				CLANG_ENABLE_OBJC_ARC = YES;
				CLANG_WARN_BOOL_CONVERSION = YES;
				CLANG_WARN_CONSTANT_CONVERSION = YES;
				CLANG_WARN_DIRECT_OBJC_ISA_USAGE = YES_ERROR;
				CLANG_WARN_EMPTY_BODY = YES;
				CLANG_WARN_ENUM_CONVERSION = YES;
				CLANG_WARN_INT_CONVERSION = YES;
				CLANG_WARN_OBJC_ROOT_CLASS = YES_ERROR;
				CLANG_WARN_UNREACHABLE_CODE = YES;
				CLANG_WARN__DUPLICATE_METHOD_MATCH = YES;
				"CODE_SIGN_IDENTITY[sdk=iphoneos*]" = "iPhone Developer";
				COPY_PHASE_STRIP = NO;
				DEBUG_INFORMATION_FORMAT = "dwarf-with-dsym";
				ENABLE_NS_ASSERTIONS = NO;
				ENABLE_STRICT_OBJC_MSGSEND = YES;
				GCC_C_LANGUAGE_STANDARD = gnu99;
				GCC_NO_COMMON_BLOCKS = YES;
				GCC_WARN_64_TO_32_BIT_CONVERSION = YES;
				GCC_WARN_ABOUT_RETURN_TYPE = YES_ERROR;
				GCC_WARN_UNDECLARED_SELECTOR = YES;
				GCC_WARN_UNINITIALIZED_AUTOS = YES_AGGRESSIVE;
				GCC_WARN_UNUSED_FUNCTION = YES;
				GCC_WARN_UNUSED_VARIABLE = YES;
				IPHONEOS_DEPLOYMENT_TARGET = 9.3;
				MTL_ENABLE_DEBUG_INFO = NO;
				SDKROOT = iphoneos;
				TARGETED_DEVICE_FAMILY = "1,2";
				VALIDATE_PRODUCT = YES;
			};
			name = Release;
		};
		D0225CA01CB6E400004F1289 /* Debug */ = {
			isa = XCBuildConfiguration;
			buildSettings = {
				ASSETCATALOG_COMPILER_APPICON_NAME = AppIcon;
				CODE_SIGN_IDENTITY = "iPhone Developer";
				"CODE_SIGN_IDENTITY[sdk=iphoneos*]" = "iPhone Developer";
				INFOPLIST_FILE = BarcodeScanner/Info.plist;
				LD_RUNPATH_SEARCH_PATHS = "$(inherited) @executable_path/Frameworks";
				PRODUCT_BUNDLE_IDENTIFIER = com.PeeVeeOne.BarcodeScanner;
				PRODUCT_NAME = "$(TARGET_NAME)";
				PROVISIONING_PROFILE = "";
			};
			name = Debug;
		};
		D0225CA11CB6E400004F1289 /* Release */ = {
			isa = XCBuildConfiguration;
			buildSettings = {
				ASSETCATALOG_COMPILER_APPICON_NAME = AppIcon;
				CODE_SIGN_IDENTITY = "iPhone Developer";
				"CODE_SIGN_IDENTITY[sdk=iphoneos*]" = "iPhone Developer";
				INFOPLIST_FILE = BarcodeScanner/Info.plist;
				LD_RUNPATH_SEARCH_PATHS = "$(inherited) @executable_path/Frameworks";
				PRODUCT_BUNDLE_IDENTIFIER = com.PeeVeeOne.BarcodeScanner;
				PRODUCT_NAME = "$(TARGET_NAME)";
				PROVISIONING_PROFILE = "";
			};
			name = Release;
		};
/* End XCBuildConfiguration section */

/* Begin XCConfigurationList section */
		D0225C881CB6E400004F1289 /* Build configuration list for PBXProject "BarcodeScanner" */ = {
			isa = XCConfigurationList;
			buildConfigurations = (
				D0225C9D1CB6E400004F1289 /* Debug */,
				D0225C9E1CB6E400004F1289 /* Release */,
			);
			defaultConfigurationIsVisible = 0;
			defaultConfigurationName = Release;
		};
		D0225C9F1CB6E400004F1289 /* Build configuration list for PBXNativeTarget "BarcodeScanner" */ = {
			isa = XCConfigurationList;
			buildConfigurations = (
				D0225CA01CB6E400004F1289 /* Debug */,
				D0225CA11CB6E400004F1289 /* Release */,
			);
			defaultConfigurationIsVisible = 0;
		};
/* End XCConfigurationList section */
	};
	rootObject = D0225C851CB6E400004F1289 /* Project object */;
}
